
Microsoft Visual Studio Solution File, Format Version 12.00
# Visual Studio Version 17
VisualStudioVersion = 17.4.33213.308
MinimumVisualStudioVersion = 10.0.40219.1
Project("{9A19103F-16F7-4668-BE54-9A1E7A4F7556}") = "DevIO.Data", "src\DevIO.Data\DevIO.Data.csproj", "{FAA24F5D-CE42-4488-A826-4524927F00BE}"
EndProject
Project("{9A19103F-16F7-4668-BE54-9A1E7A4F7556}") = "DevIo.Domain", "src\DevIo.Domain\DevIo.Domain.csproj", "{938A34B5-F8A4-485B-A5AB-3409EF511A78}"
EndProject
Project("{FAE04EC0-301F-11D3-BF4B-00C04F79EFBC}") = "DevIO.API", "DevIO.API\DevIO.API.csproj", "{52DD2B57-A018-4339-ABE9-0B8ACDB5B9B7}"
EndProject
Global
	GlobalSection(SolutionConfigurationPlatforms) = preSolution
		Debug|Any CPU = Debug|Any CPU
		Release|Any CPU = Release|Any CPU
	EndGlobalSection
	GlobalSection(ProjectConfigurationPlatforms) = postSolution
		{FAA24F5D-CE42-4488-A826-4524927F00BE}.Debug|Any CPU.ActiveCfg = Debug|Any CPU
		{FAA24F5D-CE42-4488-A826-4524927F00BE}.Debug|Any CPU.Build.0 = Debug|Any CPU
		{FAA24F5D-CE42-4488-A826-4524927F00BE}.Release|Any CPU.ActiveCfg = Release|Any CPU
		{FAA24F5D-CE42-4488-A826-4524927F00BE}.Release|Any CPU.Build.0 = Release|Any CPU
		{938A34B5-F8A4-485B-A5AB-3409EF511A78}.Debug|Any CPU.ActiveCfg = Debug|Any CPU
		{938A34B5-F8A4-485B-A5AB-3409EF511A78}.Debug|Any CPU.Build.0 = Debug|Any CPU
		{938A34B5-F8A4-485B-A5AB-3409EF511A78}.Release|Any CPU.ActiveCfg = Release|Any CPU
		{938A34B5-F8A4-485B-A5AB-3409EF511A78}.Release|Any CPU.Build.0 = Release|Any CPU
		{52DD2B57-A018-4339-ABE9-0B8ACDB5B9B7}.Debug|Any CPU.ActiveCfg = Debug|Any CPU
		{52DD2B57-A018-4339-ABE9-0B8ACDB5B9B7}.Debug|Any CPU.Build.0 = Debug|Any CPU
		{52DD2B57-A018-4339-ABE9-0B8ACDB5B9B7}.Release|Any CPU.ActiveCfg = Release|Any CPU
		{52DD2B57-A018-4339-ABE9-0B8ACDB5B9B7}.Release|Any CPU.Build.0 = Release|Any CPU
	EndGlobalSection
	GlobalSection(SolutionProperties) = preSolution
		HideSolutionNode = FALSE
	EndGlobalSection
	GlobalSection(ExtensibilityGlobals) = postSolution
		SolutionGuid = {BAED2CCB-54DC-4F43-BB79-E74CA5252889}
	EndGlobalSection
EndGlobal
